
Microsoft Visual Studio Solution File, Format Version 12.00
# Visual Studio Version 17
VisualStudioVersion = 17.14.36705.20 d17.14
MinimumVisualStudioVersion = 10.0.40219.1
Project("{8BC9CEB8-8B4A-11D0-8D11-00A0C91BC942}") = "KMDF Driver2", "KMDF Driver2\KMDF Driver2.vcxproj", "{6CDBBD06-7716-958D-CE12-C438D1B5D718}"
EndProject
Global
	GlobalSection(SolutionConfigurationPlatforms) = preSolution
		Debug|ARM64 = Debug|ARM64
		Debug|x64 = Debug|x64
		Release|ARM64 = Release|ARM64
		Release|x64 = Release|x64
	EndGlobalSection
	GlobalSection(ProjectConfigurationPlatforms) = postSolution
		{6CDBBD06-7716-958D-CE12-C438D1B5D718}.Debug|ARM64.ActiveCfg = Debug|ARM64
		{6CDBBD06-7716-958D-CE12-C438D1B5D718}.Debug|ARM64.Build.0 = Debug|ARM64
		{6CDBBD06-7716-958D-CE12-C438D1B5D718}.Debug|ARM64.Deploy.0 = Debug|ARM64
		{6CDBBD06-7716-958D-CE12-C438D1B5D718}.Debug|x64.ActiveCfg = Debug|x64
		{6CDBBD06-7716-958D-CE12-C438D1B5D718}.Debug|x64.Build.0 = Debug|x64
		{6CDBBD06-7716-958D-CE12-C438D1B5D718}.Debug|x64.Deploy.0 = Debug|x64
		{6CDBBD06-7716-958D-CE12-C438D1B5D718}.Release|ARM64.ActiveCfg = Release|ARM64
		{6CDBBD06-7716-958D-CE12-C438D1B5D718}.Release|ARM64.Build.0 = Release|ARM64
		{6CDBBD06-7716-958D-CE12-C438D1B5D718}.Release|ARM64.Deploy.0 = Release|ARM64
		{6CDBBD06-7716-958D-CE12-C438D1B5D718}.Release|x64.ActiveCfg = Release|x64
		{6CDBBD06-7716-958D-CE12-C438D1B5D718}.Release|x64.Build.0 = Release|x64
		{6CDBBD06-7716-958D-CE12-C438D1B5D718}.Release|x64.Deploy.0 = Release|x64
	EndGlobalSection
	GlobalSection(SolutionProperties) = preSolution
		HideSolutionNode = FALSE
	EndGlobalSection
	GlobalSection(ExtensibilityGlobals) = postSolution
		SolutionGuid = {F1B3BB60-C12D-49E7-88F0-37CC4578DC21}
	EndGlobalSection
EndGlobal
